PODS:
  - Expecta (1.0.6)
  - Masonry (1.1.0)

DEPENDENCIES:
  - Expecta
  - Masonry (from `./`)

SPEC REPOS:
  https://github.com/cocoapods/specs.git:
    - Expecta

EXTERNAL SOURCES:
  Masonry:
    :path: "./"

SPEC CHECKSUMS:
  Expecta: 3b6bd90a64b9a1dcb0b70aa0e10a7f8f631667d5
  Masonry: 34afc06a8c34f8a4958de258dca1732dab49e8fe

PODFILE CHECKSUM: e52086899d92c940c38287b2fe981b389e2445d2

COCOAPODS: 1.5.3
